{
  "name": "momtv",
  "version": "0.1.0",
  "lockfileVersion": 3,
  "requires": true,
  "packages": {
    "": {
      "name": "momtv",
      "version": "0.1.0",
      "dependencies": {
        "@azure/msal-browser": "^5.18.0"
      },
      "engines": {
        "node": ">=22.0.0",
        "pnpm": ">=9.0.0"
      }
    },
    "node_modules/@azure/msal-browser": {
      "version": "5.19.0",
      "resolved": "https://registry.npmjs.org/@azure/msal-browser/-/msal-browser-5.19.0.tgz",
      "integrity": "sha512-DHe9iRcyByGJuLPkl0K31a1JjOdRY2zX38Q07mQpSbR8zOj1EIgsWfTXhSQVyyijUxlcofVy/br7qWJbrMwVXQ==",
      "license": "MIT",
      "dependencies": {
        "@azure/msal-common": "16.13.0"
      },
      "engines": {
        "node": ">=0.8.0"
      }
    },
    "node_modules/@azure/msal-common": {
      "version": "16.13.0",
      "resolved": "https://registry.npmjs.org/@azure/msal-common/-/msal-common-16.13.0.tgz",
      "integrity": "sha512-rOAy0KUcyBbdwVJ+f3uPpthXatFLLZN+/KWAsTLzk1aB23Xl9DRmmXYwSvBFOZyXj4jUQQ5FKxxRkhAFW1fOow==",
      "license": "MIT",
      "engines": {
        "node": ">=0.8.0"
      }
    }
  }
}
